// !$*UTF8*$!
{
	archiveVersion = 1;
	classes = {
	};
	objectVersion = 46;
	objects = {

/* Begin PBXBuildFile section */
		019638DA1ED40CD80018744C /* AppDelegate.swift in Sources */ = {isa = PBXBuildFile; fileRef = 019638D91ED40CD80018744C /* AppDelegate.swift */; };
		019638DC1ED40CD80018744C /* PeopleViewController.swift in Sources */ = {isa = PBXBuildFile; fileRef = 019638DB1ED40CD80018744C /* PeopleViewController.swift */; };
		019638DF1ED40CD80018744C /* Main.storyboard in Resources */ = {isa = PBXBuildFile; fileRef = 019638DD1ED40CD80018744C /* Main.storyboard */; };
		019638E21ED40CD80018744C /* StarWarsEncyclopedia.xcdatamodeld in Sources */ = {isa = PBXBuildFile; fileRef = 019638E01ED40CD80018744C /* StarWarsEncyclopedia.xcdatamodeld */; };
		019638E41ED40CD80018744C /* Assets.xcassets in Resources */ = {isa = PBXBuildFile; fileRef = 019638E31ED40CD80018744C /* Assets.xcassets */; };
		019638E71ED40CD80018744C /* LaunchScreen.storyboard in Resources */ = {isa = PBXBuildFile; fileRef = 019638E51ED40CD80018744C /* LaunchScreen.storyboard */; };
		019638F21ED40CD80018744C /* StarWarsEncyclopediaTests.swift in Sources */ = {isa = PBXBuildFile; fileRef = 019638F11ED40CD80018744C /* StarWarsEncyclopediaTests.swift */; };
/* End PBXBuildFile section */

/* Begin PBXContainerItemProxy section */
		019638EE1ED40CD80018744C /* PBXContainerItemProxy */ = {
			isa = PBXContainerItemProxy;
			containerPortal = 019638CE1ED40CD80018744C /* Project object */;
			proxyType = 1;
			remoteGlobalIDString = 019638D51ED40CD80018744C;
			remoteInfo = StarWarsEncyclopedia;
		};
/* End PBXContainerItemProxy section */

/* Begin PBXFileReference section */
		019638D61ED40CD80018744C /* StarWarsEncyclopedia.app */ = {isa = PBXFileReference; explicitFileType = wrapper.application; includeInIndex = 0; path = StarWarsEncyclopedia.app; sourceTree = BUILT_PRODUCTS_DIR; };
		019638D91ED40CD80018744C /* AppDelegate.swift */ = {isa = PBXFileReference; lastKnownFileType = sourcecode.swift; path = AppDelegate.swift; sourceTree = "<group>"; };
		019638DB1ED40CD80018744C /* PeopleViewController.swift */ = {isa = PBXFileReference; lastKnownFileType = sourcecode.swift; path = PeopleViewController.swift; sourceTree = "<group>"; };
		019638DE1ED40CD80018744C /* Base */ = {isa = PBXFileReference; lastKnownFileType = file.storyboard; name = Base; path = Base.lproj/Main.storyboard; sourceTree = "<group>"; };
		019638E11ED40CD80018744C /* StarWarsEncyclopedia.xcdatamodel */ = {isa = PBXFileReference; lastKnownFileType = wrapper.xcdatamodel; path = StarWarsEncyclopedia.xcdatamodel; sourceTree = "<group>"; };
		019638E31ED40CD80018744C /* Assets.xcassets */ = {isa = PBXFileReference; lastKnownFileType = folder.assetcatalog; path = Assets.xcassets; sourceTree = "<group>"; };
		019638E61ED40CD80018744C /* Base */ = {isa = PBXFileReference; lastKnownFileType = file.storyboard; name = Base; path = Base.lproj/LaunchScreen.storyboard; sourceTree = "<group>"; };
		019638E81ED40CD80018744C /* Info.plist */ = {isa = PBXFileReference; lastKnownFileType = text.plist.xml; path = Info.plist; sourceTree = "<group>"; };
		019638ED1ED40CD80018744C /* StarWarsEncyclopediaTests.xctest */ = {isa = PBXFileReference; explicitFileType = wrapper.cfbundle; includeInIndex = 0; path = StarWarsEncyclopediaTests.xctest; sourceTree = BUILT_PRODUCTS_DIR; };
		019638F11ED40CD80018744C /* StarWarsEncyclopediaTests.swift */ = {isa = PBXFileReference; lastKnownFileType = sourcecode.swift; path = StarWarsEncyclopediaTests.swift; sourceTree = "<group>"; };
		019638F31ED40CD80018744C /* Info.plist */ = {isa = PBXFileReference; lastKnownFileType = text.plist.xml; path = Info.plist; sourceTree = "<group>"; };
/* End PBXFileReference section */

/* Begin PBXFrameworksBuildPhase section */
		019638D31ED40CD80018744C /* Frameworks */ = {
			isa = PBXFrameworksBuildPhase;
			buildActionMask = 2147483647;
			files = (
			);
			runOnlyForDeploymentPostprocessing = 0;
		};
		019638EA1ED40CD80018744C /* Frameworks */ = {
			isa = PBXFrameworksBuildPhase;
			buildActionMask = 2147483647;
			files = (
			);
			runOnlyForDeploymentPostprocessing = 0;
		};
/* End PBXFrameworksBuildPhase section */

/* Begin PBXGroup section */
		019638CD1ED40CD80018744C = {
			isa = PBXGroup;
			children = (
				019638D81ED40CD80018744C /* StarWarsEncyclopedia */,
				019638F01ED40CD80018744C /* StarWarsEncyclopediaTests */,
				019638D71ED40CD80018744C /* Products */,
			);
			sourceTree = "<group>";
		};
		019638D71ED40CD80018744C /* Products */ = {
			isa = PBXGroup;
			children = (
				019638D61ED40CD80018744C /* StarWarsEncyclopedia.app */,
				019638ED1ED40CD80018744C /* StarWarsEncyclopediaTests.xctest */,
			);
			name = Products;
			sourceTree = "<group>";
		};
		019638D81ED40CD80018744C /* StarWarsEncyclopedia */ = {
			isa = PBXGroup;
			children = (
				019638D91ED40CD80018744C /* AppDelegate.swift */,
				019638DB1ED40CD80018744C /* PeopleViewController.swift */,
				019638DD1ED40CD80018744C /* Main.storyboard */,
				019638E31ED40CD80018744C /* Assets.xcassets */,
				019638E51ED40CD80018744C /* LaunchScreen.storyboard */,
				019638E81ED40CD80018744C /* Info.plist */,
				019638E01ED40CD80018744C /* StarWarsEncyclopedia.xcdatamodeld */,
			);
			path = StarWarsEncyclopedia;
			sourceTree = "<group>";
		};
		019638F01ED40CD80018744C /* StarWarsEncyclopediaTests */ = {
			isa = PBXGroup;
			children = (
				019638F11ED40CD80018744C /* StarWarsEncyclopediaTests.swift */,
				019638F31ED40CD80018744C /* Info.plist */,
			);
			path = StarWarsEncyclopediaTests;
			sourceTree = "<group>";
		};
/* End PBXGroup section */

/* Begin PBXNativeTarget section */
		019638D51ED40CD80018744C /* StarWarsEncyclopedia */ = {
			isa = PBXNativeTarget;
			buildConfigurationList = 019638F61ED40CD80018744C /* Build configuration list for PBXNativeTarget "StarWarsEncyclopedia" */;
			buildPhases = (
				019638D21ED40CD80018744C /* Sources */,
				019638D31ED40CD80018744C /* Frameworks */,
				019638D41ED40CD80018744C /* Resources */,
			);
			buildRules = (
			);
			dependencies = (
			);
			name = StarWarsEncyclopedia;
			productName = StarWarsEncyclopedia;
			productReference = 019638D61ED40CD80018744C /* StarWarsEncyclopedia.app */;
			productType = "com.apple.product-type.application";
		};
		019638EC1ED40CD80018744C /* StarWarsEncyclopediaTests */ = {
			isa = PBXNativeTarget;
			buildConfigurationList = 019638F91ED40CD80018744C /* Build configuration list for PBXNativeTarget "StarWarsEncyclopediaTests" */;
			buildPhases = (
				019638E91ED40CD80018744C /* Sources */,
				019638EA1ED40CD80018744C /* Frameworks */,
				019638EB1ED40CD80018744C /* Resources */,
			);
			buildRules = (
			);
			dependencies = (
				019638EF1ED40CD80018744C /* PBXTargetDependency */,
			);
			name = StarWarsEncyclopediaTests;
			productName = StarWarsEncyclopediaTests;
			productReference = 019638ED1ED40CD80018744C /* StarWarsEncyclopediaTests.xctest */;
			productType = "com.apple.product-type.bundle.unit-test";
		};
/* End PBXNativeTarget section */

/* Begin PBXProject section */
		019638CE1ED40CD80018744C /* Project object */ = {
			isa = PBXProject;
			attributes = {
				LastSwiftUpdateCheck = 0830;
				LastUpgradeCheck = 0830;
				ORGANIZATIONNAME = "Nicole Zurita";
				TargetAttributes = {
					019638D51ED40CD80018744C = {
						CreatedOnToolsVersion = 8.3.2;
						ProvisioningStyle = Automatic;
					};
					019638EC1ED40CD80018744C = {
						CreatedOnToolsVersion = 8.3.2;
						ProvisioningStyle = Automatic;
						TestTargetID = 019638D51ED40CD80018744C;
					};
				};
			};
			buildConfigurationList = 019638D11ED40CD80018744C /* Build configuration list for PBXProject "StarWarsEncyclopedia" */;
			compatibilityVersion = "Xcode 3.2";
			developmentRegion = English;
			hasScannedForEncodings = 0;
			knownRegions = (
				en,
				Base,
			);
			mainGroup = 019638CD1ED40CD80018744C;
			productRefGroup = 019638D71ED40CD80018744C /* Products */;
			projectDirPath = "";
			projectRoot = "";
			targets = (
				019638D51ED40CD80018744C /* StarWarsEncyclopedia */,
				019638EC1ED40CD80018744C /* StarWarsEncyclopediaTests */,
			);
		};
/* End PBXProject section */

/* Begin PBXResourcesBuildPhase section */
		019638D41ED40CD80018744C /* Resources */ = {
			isa = PBXResourcesBuildPhase;
			buildActionMask = 2147483647;
			files = (
				019638E71ED40CD80018744C /* LaunchScreen.storyboard in Resources */,
				019638E41ED40CD80018744C /* Assets.xcassets in Resources */,
				019638DF1ED40CD80018744C /* Main.storyboard in Resources */,
			);
			runOnlyForDeploymentPostprocessing = 0;
		};
		019638EB1ED40CD80018744C /* Resources */ = {
			isa = PBXResourcesBuildPhase;
			buildActionMask = 2147483647;
			files = (
			);
			runOnlyForDeploymentPostprocessing = 0;
		};
/* End PBXResourcesBuildPhase section */

/* Begin PBXSourcesBuildPhase section */
		019638D21ED40CD80018744C /* Sources */ = {
			isa = PBXSourcesBuildPhase;
			buildActionMask = 2147483647;
			files = (
				019638DC1ED40CD80018744C /* PeopleViewController.swift in Sources */,
				019638DA1ED40CD80018744C /* AppDelegate.swift in Sources */,
				019638E21ED40CD80018744C /* StarWarsEncyclopedia.xcdatamodeld in Sources */,
			);
			runOnlyForDeploymentPostprocessing = 0;
		};
		019638E91ED40CD80018744C /* Sources */ = {
			isa = PBXSourcesBuildPhase;
			buildActionMask = 2147483647;
			files = (
				019638F21ED40CD80018744C /* StarWarsEncyclopediaTests.swift in Sources */,
			);
			runOnlyForDeploymentPostprocessing = 0;
		};
/* End PBXSourcesBuildPhase section */

/* Begin PBXTargetDependency section */
		019638EF1ED40CD80018744C /* PBXTargetDependency */ = {
			isa = PBXTargetDependency;
			target = 019638D51ED40CD80018744C /* StarWarsEncyclopedia */;
			targetProxy = 019638EE1ED40CD80018744C /* PBXContainerItemProxy */;
		};
/* End PBXTargetDependency section */

/* Begin PBXVariantGroup section */
		019638DD1ED40CD80018744C /* Main.storyboard */ = {
			isa = PBXVariantGroup;
			children = (
				019638DE1ED40CD80018744C /* Base */,
			);
			name = Main.storyboard;
			sourceTree = "<group>";
		};
		019638E51ED40CD80018744C /* LaunchScreen.storyboard */ = {
			isa = PBXVariantGroup;
			children = (
				019638E61ED40CD80018744C /* Base */,
			);
			name = LaunchScreen.storyboard;
			sourceTree = "<group>";
		};
/* End PBXVariantGroup section */

/* Begin XCBuildConfiguration section */
		019638F41ED40CD80018744C /* Debug */ = {
			isa = XCBuildConfiguration;
			buildSettings = {
				ALWAYS_SEARCH_USER_PATHS = NO;
				CLANG_ANALYZER_NONNULL = YES;
				CLANG_ANALYZER_NUMBER_OBJECT_CONVERSION = YES_AGGRESSIVE;
				CLANG_CXX_LANGUAGE_STANDARD = "gnu++0x";
				CLANG_CXX_LIBRARY = "libc++";
				CLANG_ENABLE_MODULES = YES;
				CLANG_ENABLE_OBJC_ARC = YES;
				CLANG_WARN_BOOL_CONVERSION = YES;
				CLANG_WARN_CONSTANT_CONVERSION = YES;
				CLANG_WARN_DIRECT_OBJC_ISA_USAGE = YES_ERROR;
				CLANG_WARN_DOCUMENTATION_COMMENTS = YES;
				CLANG_WARN_EMPTY_BODY = YES;
				CLANG_WARN_ENUM_CONVERSION = YES;
				CLANG_WARN_INFINITE_RECURSION = YES;
				CLANG_WARN_INT_CONVERSION = YES;
				CLANG_WARN_OBJC_ROOT_CLASS = YES_ERROR;
				CLANG_WARN_SUSPICIOUS_MOVE = YES;
				CLANG_WARN_UNREACHABLE_CODE = YES;
				CLANG_WARN__DUPLICATE_METHOD_MATCH = YES;
				"CODE_SIGN_IDENTITY[sdk=iphoneos*]" = "iPhone Developer";
				COPY_PHASE_STRIP = NO;
				DEBUG_INFORMATION_FORMAT = dwarf;
				ENABLE_STRICT_OBJC_MSGSEND = YES;
				ENABLE_TESTABILITY = YES;
				GCC_C_LANGUAGE_STANDARD = gnu99;
				GCC_DYNAMIC_NO_PIC = NO;
				GCC_NO_COMMON_BLOCKS = YES;
				GCC_OPTIMIZATION_LEVEL = 0;
				GCC_PREPROCESSOR_DEFINITIONS = (
					"DEBUG=1",
					"$(inherited)",
				);
				GCC_WARN_64_TO_32_BIT_CONVERSION = YES;
				GCC_WARN_ABOUT_RETURN_TYPE = YES_ERROR;
				GCC_WARN_UNDECLARED_SELECTOR = YES;
				GCC_WARN_UNINITIALIZED_AUTOS = YES_AGGRESSIVE;
				GCC_WARN_UNUSED_FUNCTION = YES;
				GCC_WARN_UNUSED_VARIABLE = YES;
				IPHONEOS_DEPLOYMENT_TARGET = 10.3;
				MTL_ENABLE_DEBUG_INFO = YES;
				ONLY_ACTIVE_ARCH = YES;
				SDKROOT = iphoneos;
				SWIFT_ACTIVE_COMPILATION_CONDITIONS = DEBUG;
				SWIFT_OPTIMIZATION_LEVEL = "-Onone";
				TARGETED_DEVICE_FAMILY = "1,2";
			};
			name = Debug;
		};
		019638F51ED40CD80018744C /* Release */ = {
			isa = XCBuildConfiguration;
			buildSettings = {
				ALWAYS_SEARCH_USER_PATHS = NO;
				CLANG_ANALYZER_NONNULL = YES;
				CLANG_ANALYZER_NUMBER_OBJECT_CONVERSION = YES_AGGRESSIVE;
				CLANG_CXX_LANGUAGE_STANDARD = "gnu++0x";
				CLANG_CXX_LIBRARY = "libc++";
				CLANG_ENABLE_MODULES = YES;
				CLANG_ENABLE_OBJC_ARC = YES;
				CLANG_WARN_BOOL_CONVERSION = YES;
				CLANG_WARN_CONSTANT_CONVERSION = YES;
				CLANG_WARN_DIRECT_OBJC_ISA_USAGE = YES_ERROR;
				CLANG_WARN_DOCUMENTATION_COMMENTS = YES;
				CLANG_WARN_EMPTY_BODY = YES;
				CLANG_WARN_ENUM_CONVERSION = YES;
				CLANG_WARN_INFINITE_RECURSION = YES;
				CLANG_WARN_INT_CONVERSION = YES;
				CLANG_WARN_OBJC_ROOT_CLASS = YES_ERROR;
				CLANG_WARN_SUSPICIOUS_MOVE = YES;
				CLANG_WARN_UNREACHABLE_CODE = YES;
				CLANG_WARN__DUPLICATE_METHOD_MATCH = YES;
				"CODE_SIGN_IDENTITY[sdk=iphoneos*]" = "iPhone Developer";
				COPY_PHASE_STRIP = NO;
				DEBUG_INFORMATION_FORMAT = "dwarf-with-dsym";
				ENABLE_NS_ASSERTIONS = NO;
				ENABLE_STRICT_OBJC_MSGSEND = YES;
				GCC_C_LANGUAGE_STANDARD = gnu99;
				GCC_NO_COMMON_BLOCKS = YES;
				GCC_WARN_64_TO_32_BIT_CONVERSION = YES;
				GCC_WARN_ABOUT_RETURN_TYPE = YES_ERROR;
				GCC_WARN_UNDECLARED_SELECTOR = YES;
				GCC_WARN_UNINITIALIZED_AUTOS = YES_AGGRESSIVE;
				GCC_WARN_UNUSED_FUNCTION = YES;
				GCC_WARN_UNUSED_VARIABLE = YES;
				IPHONEOS_DEPLOYMENT_TARGET = 10.3;
				MTL_ENABLE_DEBUG_INFO = NO;
				SDKROOT = iphoneos;
				SWIFT_OPTIMIZATION_LEVEL = "-Owholemodule";
				TARGETED_DEVICE_FAMILY = "1,2";
				VALIDATE_PRODUCT = YES;
			};
			name = Release;
		};
		019638F71ED40CD80018744C /* Debug */ = {
			isa = XCBuildConfiguration;
			buildSettings = {
				ASSETCATALOG_COMPILER_APPICON_NAME = AppIcon;
				INFOPLIST_FILE = StarWarsEncyclopedia/Info.plist;
				LD_RUNPATH_SEARCH_PATHS = "$(inherited) @executable_path/Frameworks";
				PRODUCT_BUNDLE_IDENTIFIER = com.example.StarWarsEncyclopedia;
				PRODUCT_NAME = "$(TARGET_NAME)";
				SWIFT_VERSION = 3.0;
			};
			name = Debug;
		};
		019638F81ED40CD80018744C /* Release */ = {
			isa = XCBuildConfiguration;
			buildSettings = {
				ASSETCATALOG_COMPILER_APPICON_NAME = AppIcon;
				INFOPLIST_FILE = StarWarsEncyclopedia/Info.plist;
				LD_RUNPATH_SEARCH_PATHS = "$(inherited) @executable_path/Frameworks";
				PRODUCT_BUNDLE_IDENTIFIER = com.example.StarWarsEncyclopedia;
				PRODUCT_NAME = "$(TARGET_NAME)";
				SWIFT_VERSION = 3.0;
			};
			name = Release;
		};
		019638FA1ED40CD80018744C /* Debug */ = {
			isa = XCBuildConfiguration;
			buildSettings = {
				ALWAYS_EMBED_SWIFT_STANDARD_LIBRARIES = YES;
				BUNDLE_LOADER = "$(TEST_HOST)";
				INFOPLIST_FILE = StarWarsEncyclopediaTests/Info.plist;
				LD_RUNPATH_SEARCH_PATHS = "$(inherited) @executable_path/Frameworks @loader_path/Frameworks";
				PRODUCT_BUNDLE_IDENTIFIER = com.example.StarWarsEncyclopediaTests;
				PRODUCT_NAME = "$(TARGET_NAME)";
				SWIFT_VERSION = 3.0;
				TEST_HOST = "$(BUILT_PRODUCTS_DIR)/StarWarsEncyclopedia.app/StarWarsEncyclopedia";
			};
			name = Debug;
		};
		019638FB1ED40CD80018744C /* Release */ = {
			isa = XCBuildConfiguration;
			buildSettings = {
				ALWAYS_EMBED_SWIFT_STANDARD_LIBRARIES = YES;
				BUNDLE_LOADER = "$(TEST_HOST)";
				INFOPLIST_FILE = StarWarsEncyclopediaTests/Info.plist;
				LD_RUNPATH_SEARCH_PATHS = "$(inherited) @executable_path/Frameworks @loader_path/Frameworks";
				PRODUCT_BUNDLE_IDENTIFIER = com.example.StarWarsEncyclopediaTests;
				PRODUCT_NAME = "$(TARGET_NAME)";
				SWIFT_VERSION = 3.0;
				TEST_HOST = "$(BUILT_PRODUCTS_DIR)/StarWarsEncyclopedia.app/StarWarsEncyclopedia";
			};
			name = Release;
		};
/* End XCBuildConfiguration section */

/* Begin XCConfigurationList section */
		019638D11ED40CD80018744C /* Build configuration list for PBXProject "StarWarsEncyclopedia" */ = {
			isa = XCConfigurationList;
			buildConfigurations = (
				019638F41ED40CD80018744C /* Debug */,
				019638F51ED40CD80018744C /* Release */,
			);
			defaultConfigurationIsVisible = 0;
			defaultConfigurationName = Release;
		};
		019638F61ED40CD80018744C /* Build configuration list for PBXNativeTarget "StarWarsEncyclopedia" */ = {
			isa = XCConfigurationList;
			buildConfigurations = (
				019638F71ED40CD80018744C /* Debug */,
				019638F81ED40CD80018744C /* Release */,
			);
			defaultConfigurationIsVisible = 0;
		};
		019638F91ED40CD80018744C /* Build configuration list for PBXNativeTarget "StarWarsEncyclopediaTests" */ = {
			isa = XCConfigurationList;
			buildConfigurations = (
				019638FA1ED40CD80018744C /* Debug */,
				019638FB1ED40CD80018744C /* Release */,
			);
			defaultConfigurationIsVisible = 0;
		};
/* End XCConfigurationList section */

/* Begin XCVersionGroup section */
		019638E01ED40CD80018744C /* StarWarsEncyclopedia.xcdatamodeld */ = {
			isa = XCVersionGroup;
			children = (
				019638E11ED40CD80018744C /* StarWarsEncyclopedia.xcdatamodel */,
			);
			currentVersion = 019638E11ED40CD80018744C /* StarWarsEncyclopedia.xcdatamodel */;
			path = StarWarsEncyclopedia.xcdatamodeld;
			sourceTree = "<group>";
			versionGroupType = wrapper.xcdatamodel;
		};
/* End XCVersionGroup section */
	};
	rootObject = 019638CE1ED40CD80018744C /* Project object */;
}
