// !$*UTF8*$!
{
	archiveVersion = 1;
	classes = {
	};
	objectVersion = 46;
	objects = {

/* Begin PBXBuildFile section */
		01FF65B31ECA2A7A004D1AEA /* AppDelegate.swift in Sources */ = {isa = PBXBuildFile; fileRef = 01FF65B21ECA2A7A004D1AEA /* AppDelegate.swift */; };
		01FF65B51ECA2A7A004D1AEA /* ViewController.swift in Sources */ = {isa = PBXBuildFile; fileRef = 01FF65B41ECA2A7A004D1AEA /* ViewController.swift */; };
		01FF65B81ECA2A7A004D1AEA /* Main.storyboard in Resources */ = {isa = PBXBuildFile; fileRef = 01FF65B61ECA2A7A004D1AEA /* Main.storyboard */; };
		01FF65BA1ECA2A7A004D1AEA /* Assets.xcassets in Resources */ = {isa = PBXBuildFile; fileRef = 01FF65B91ECA2A7A004D1AEA /* Assets.xcassets */; };
		01FF65BD1ECA2A7A004D1AEA /* LaunchScreen.storyboard in Resources */ = {isa = PBXBuildFile; fileRef = 01FF65BB1ECA2A7A004D1AEA /* LaunchScreen.storyboard */; };
		01FF65C81ECA2A7A004D1AEA /* agingPeopleTests.swift in Sources */ = {isa = PBXBuildFile; fileRef = 01FF65C71ECA2A7A004D1AEA /* agingPeopleTests.swift */; };
/* End PBXBuildFile section */

/* Begin PBXContainerItemProxy section */
		01FF65C41ECA2A7A004D1AEA /* PBXContainerItemProxy */ = {
			isa = PBXContainerItemProxy;
			containerPortal = 01FF65A71ECA2A7A004D1AEA /* Project object */;
			proxyType = 1;
			remoteGlobalIDString = 01FF65AE1ECA2A7A004D1AEA;
			remoteInfo = agingPeople;
		};
/* End PBXContainerItemProxy section */

/* Begin PBXFileReference section */
		01FF65AF1ECA2A7A004D1AEA /* agingPeople.app */ = {isa = PBXFileReference; explicitFileType = wrapper.application; includeInIndex = 0; path = agingPeople.app; sourceTree = BUILT_PRODUCTS_DIR; };
		01FF65B21ECA2A7A004D1AEA /* AppDelegate.swift */ = {isa = PBXFileReference; lastKnownFileType = sourcecode.swift; path = AppDelegate.swift; sourceTree = "<group>"; };
		01FF65B41ECA2A7A004D1AEA /* ViewController.swift */ = {isa = PBXFileReference; lastKnownFileType = sourcecode.swift; path = ViewController.swift; sourceTree = "<group>"; };
		01FF65B71ECA2A7A004D1AEA /* Base */ = {isa = PBXFileReference; lastKnownFileType = file.storyboard; name = Base; path = Base.lproj/Main.storyboard; sourceTree = "<group>"; };
		01FF65B91ECA2A7A004D1AEA /* Assets.xcassets */ = {isa = PBXFileReference; lastKnownFileType = folder.assetcatalog; path = Assets.xcassets; sourceTree = "<group>"; };
		01FF65BC1ECA2A7A004D1AEA /* Base */ = {isa = PBXFileReference; lastKnownFileType = file.storyboard; name = Base; path = Base.lproj/LaunchScreen.storyboard; sourceTree = "<group>"; };
		01FF65BE1ECA2A7A004D1AEA /* Info.plist */ = {isa = PBXFileReference; lastKnownFileType = text.plist.xml; path = Info.plist; sourceTree = "<group>"; };
		01FF65C31ECA2A7A004D1AEA /* agingPeopleTests.xctest */ = {isa = PBXFileReference; explicitFileType = wrapper.cfbundle; includeInIndex = 0; path = agingPeopleTests.xctest; sourceTree = BUILT_PRODUCTS_DIR; };
		01FF65C71ECA2A7A004D1AEA /* agingPeopleTests.swift */ = {isa = PBXFileReference; lastKnownFileType = sourcecode.swift; path = agingPeopleTests.swift; sourceTree = "<group>"; };
		01FF65C91ECA2A7A004D1AEA /* Info.plist */ = {isa = PBXFileReference; lastKnownFileType = text.plist.xml; path = Info.plist; sourceTree = "<group>"; };
/* End PBXFileReference section */

/* Begin PBXFrameworksBuildPhase section */
		01FF65AC1ECA2A7A004D1AEA /* Frameworks */ = {
			isa = PBXFrameworksBuildPhase;
			buildActionMask = 2147483647;
			files = (
			);
			runOnlyForDeploymentPostprocessing = 0;
		};
		01FF65C01ECA2A7A004D1AEA /* Frameworks */ = {
			isa = PBXFrameworksBuildPhase;
			buildActionMask = 2147483647;
			files = (
			);
			runOnlyForDeploymentPostprocessing = 0;
		};
/* End PBXFrameworksBuildPhase section */

/* Begin PBXGroup section */
		01FF65A61ECA2A7A004D1AEA = {
			isa = PBXGroup;
			children = (
				01FF65B11ECA2A7A004D1AEA /* agingPeople */,
				01FF65C61ECA2A7A004D1AEA /* agingPeopleTests */,
				01FF65B01ECA2A7A004D1AEA /* Products */,
			);
			sourceTree = "<group>";
		};
		01FF65B01ECA2A7A004D1AEA /* Products */ = {
			isa = PBXGroup;
			children = (
				01FF65AF1ECA2A7A004D1AEA /* agingPeople.app */,
				01FF65C31ECA2A7A004D1AEA /* agingPeopleTests.xctest */,
			);
			name = Products;
			sourceTree = "<group>";
		};
		01FF65B11ECA2A7A004D1AEA /* agingPeople */ = {
			isa = PBXGroup;
			children = (
				01FF65B21ECA2A7A004D1AEA /* AppDelegate.swift */,
				01FF65B41ECA2A7A004D1AEA /* ViewController.swift */,
				01FF65B61ECA2A7A004D1AEA /* Main.storyboard */,
				01FF65B91ECA2A7A004D1AEA /* Assets.xcassets */,
				01FF65BB1ECA2A7A004D1AEA /* LaunchScreen.storyboard */,
				01FF65BE1ECA2A7A004D1AEA /* Info.plist */,
			);
			path = agingPeople;
			sourceTree = "<group>";
		};
		01FF65C61ECA2A7A004D1AEA /* agingPeopleTests */ = {
			isa = PBXGroup;
			children = (
				01FF65C71ECA2A7A004D1AEA /* agingPeopleTests.swift */,
				01FF65C91ECA2A7A004D1AEA /* Info.plist */,
			);
			path = agingPeopleTests;
			sourceTree = "<group>";
		};
/* End PBXGroup section */

/* Begin PBXNativeTarget section */
		01FF65AE1ECA2A7A004D1AEA /* agingPeople */ = {
			isa = PBXNativeTarget;
			buildConfigurationList = 01FF65CC1ECA2A7A004D1AEA /* Build configuration list for PBXNativeTarget "agingPeople" */;
			buildPhases = (
				01FF65AB1ECA2A7A004D1AEA /* Sources */,
				01FF65AC1ECA2A7A004D1AEA /* Frameworks */,
				01FF65AD1ECA2A7A004D1AEA /* Resources */,
			);
			buildRules = (
			);
			dependencies = (
			);
			name = agingPeople;
			productName = agingPeople;
			productReference = 01FF65AF1ECA2A7A004D1AEA /* agingPeople.app */;
			productType = "com.apple.product-type.application";
		};
		01FF65C21ECA2A7A004D1AEA /* agingPeopleTests */ = {
			isa = PBXNativeTarget;
			buildConfigurationList = 01FF65CF1ECA2A7A004D1AEA /* Build configuration list for PBXNativeTarget "agingPeopleTests" */;
			buildPhases = (
				01FF65BF1ECA2A7A004D1AEA /* Sources */,
				01FF65C01ECA2A7A004D1AEA /* Frameworks */,
				01FF65C11ECA2A7A004D1AEA /* Resources */,
			);
			buildRules = (
			);
			dependencies = (
				01FF65C51ECA2A7A004D1AEA /* PBXTargetDependency */,
			);
			name = agingPeopleTests;
			productName = agingPeopleTests;
			productReference = 01FF65C31ECA2A7A004D1AEA /* agingPeopleTests.xctest */;
			productType = "com.apple.product-type.bundle.unit-test";
		};
/* End PBXNativeTarget section */

/* Begin PBXProject section */
		01FF65A71ECA2A7A004D1AEA /* Project object */ = {
			isa = PBXProject;
			attributes = {
				LastSwiftUpdateCheck = 0830;
				LastUpgradeCheck = 0830;
				ORGANIZATIONNAME = "Nicole Zurita";
				TargetAttributes = {
					01FF65AE1ECA2A7A004D1AEA = {
						CreatedOnToolsVersion = 8.3.2;
						ProvisioningStyle = Automatic;
					};
					01FF65C21ECA2A7A004D1AEA = {
						CreatedOnToolsVersion = 8.3.2;
						ProvisioningStyle = Automatic;
						TestTargetID = 01FF65AE1ECA2A7A004D1AEA;
					};
				};
			};
			buildConfigurationList = 01FF65AA1ECA2A7A004D1AEA /* Build configuration list for PBXProject "agingPeople" */;
			compatibilityVersion = "Xcode 3.2";
			developmentRegion = English;
			hasScannedForEncodings = 0;
			knownRegions = (
				en,
				Base,
			);
			mainGroup = 01FF65A61ECA2A7A004D1AEA;
			productRefGroup = 01FF65B01ECA2A7A004D1AEA /* Products */;
			projectDirPath = "";
			projectRoot = "";
			targets = (
				01FF65AE1ECA2A7A004D1AEA /* agingPeople */,
				01FF65C21ECA2A7A004D1AEA /* agingPeopleTests */,
			);
		};
/* End PBXProject section */

/* Begin PBXResourcesBuildPhase section */
		01FF65AD1ECA2A7A004D1AEA /* Resources */ = {
			isa = PBXResourcesBuildPhase;
			buildActionMask = 2147483647;
			files = (
				01FF65BD1ECA2A7A004D1AEA /* LaunchScreen.storyboard in Resources */,
				01FF65BA1ECA2A7A004D1AEA /* Assets.xcassets in Resources */,
				01FF65B81ECA2A7A004D1AEA /* Main.storyboard in Resources */,
			);
			runOnlyForDeploymentPostprocessing = 0;
		};
		01FF65C11ECA2A7A004D1AEA /* Resources */ = {
			isa = PBXResourcesBuildPhase;
			buildActionMask = 2147483647;
			files = (
			);
			runOnlyForDeploymentPostprocessing = 0;
		};
/* End PBXResourcesBuildPhase section */

/* Begin PBXSourcesBuildPhase section */
		01FF65AB1ECA2A7A004D1AEA /* Sources */ = {
			isa = PBXSourcesBuildPhase;
			buildActionMask = 2147483647;
			files = (
				01FF65B51ECA2A7A004D1AEA /* ViewController.swift in Sources */,
				01FF65B31ECA2A7A004D1AEA /* AppDelegate.swift in Sources */,
			);
			runOnlyForDeploymentPostprocessing = 0;
		};
		01FF65BF1ECA2A7A004D1AEA /* Sources */ = {
			isa = PBXSourcesBuildPhase;
			buildActionMask = 2147483647;
			files = (
				01FF65C81ECA2A7A004D1AEA /* agingPeopleTests.swift in Sources */,
			);
			runOnlyForDeploymentPostprocessing = 0;
		};
/* End PBXSourcesBuildPhase section */

/* Begin PBXTargetDependency section */
		01FF65C51ECA2A7A004D1AEA /* PBXTargetDependency */ = {
			isa = PBXTargetDependency;
			target = 01FF65AE1ECA2A7A004D1AEA /* agingPeople */;
			targetProxy = 01FF65C41ECA2A7A004D1AEA /* PBXContainerItemProxy */;
		};
/* End PBXTargetDependency section */

/* Begin PBXVariantGroup section */
		01FF65B61ECA2A7A004D1AEA /* Main.storyboard */ = {
			isa = PBXVariantGroup;
			children = (
				01FF65B71ECA2A7A004D1AEA /* Base */,
			);
			name = Main.storyboard;
			sourceTree = "<group>";
		};
		01FF65BB1ECA2A7A004D1AEA /* LaunchScreen.storyboard */ = {
			isa = PBXVariantGroup;
			children = (
				01FF65BC1ECA2A7A004D1AEA /* Base */,
			);
			name = LaunchScreen.storyboard;
			sourceTree = "<group>";
		};
/* End PBXVariantGroup section */

/* Begin XCBuildConfiguration section */
		01FF65CA1ECA2A7A004D1AEA /* Debug */ = {
			isa = XCBuildConfiguration;
			buildSettings = {
				ALWAYS_SEARCH_USER_PATHS = NO;
				CLANG_ANALYZER_NONNULL = YES;
				CLANG_ANALYZER_NUMBER_OBJECT_CONVERSION = YES_AGGRESSIVE;
				CLANG_CXX_LANGUAGE_STANDARD = "gnu++0x";
				CLANG_CXX_LIBRARY = "libc++";
				CLANG_ENABLE_MODULES = YES;
				CLANG_ENABLE_OBJC_ARC = YES;
				CLANG_WARN_BOOL_CONVERSION = YES;
				CLANG_WARN_CONSTANT_CONVERSION = YES;
				CLANG_WARN_DIRECT_OBJC_ISA_USAGE = YES_ERROR;
				CLANG_WARN_DOCUMENTATION_COMMENTS = YES;
				CLANG_WARN_EMPTY_BODY = YES;
				CLANG_WARN_ENUM_CONVERSION = YES;
				CLANG_WARN_INFINITE_RECURSION = YES;
				CLANG_WARN_INT_CONVERSION = YES;
				CLANG_WARN_OBJC_ROOT_CLASS = YES_ERROR;
				CLANG_WARN_SUSPICIOUS_MOVE = YES;
				CLANG_WARN_UNREACHABLE_CODE = YES;
				CLANG_WARN__DUPLICATE_METHOD_MATCH = YES;
				"CODE_SIGN_IDENTITY[sdk=iphoneos*]" = "iPhone Developer";
				COPY_PHASE_STRIP = NO;
				DEBUG_INFORMATION_FORMAT = dwarf;
				ENABLE_STRICT_OBJC_MSGSEND = YES;
				ENABLE_TESTABILITY = YES;
				GCC_C_LANGUAGE_STANDARD = gnu99;
				GCC_DYNAMIC_NO_PIC = NO;
				GCC_NO_COMMON_BLOCKS = YES;
				GCC_OPTIMIZATION_LEVEL = 0;
				GCC_PREPROCESSOR_DEFINITIONS = (
					"DEBUG=1",
					"$(inherited)",
				);
				GCC_WARN_64_TO_32_BIT_CONVERSION = YES;
				GCC_WARN_ABOUT_RETURN_TYPE = YES_ERROR;
				GCC_WARN_UNDECLARED_SELECTOR = YES;
				GCC_WARN_UNINITIALIZED_AUTOS = YES_AGGRESSIVE;
				GCC_WARN_UNUSED_FUNCTION = YES;
				GCC_WARN_UNUSED_VARIABLE = YES;
				IPHONEOS_DEPLOYMENT_TARGET = 10.3;
				MTL_ENABLE_DEBUG_INFO = YES;
				ONLY_ACTIVE_ARCH = YES;
				SDKROOT = iphoneos;
				SWIFT_ACTIVE_COMPILATION_CONDITIONS = DEBUG;
				SWIFT_OPTIMIZATION_LEVEL = "-Onone";
				TARGETED_DEVICE_FAMILY = "1,2";
			};
			name = Debug;
		};
		01FF65CB1ECA2A7A004D1AEA /* Release */ = {
			isa = XCBuildConfiguration;
			buildSettings = {
				ALWAYS_SEARCH_USER_PATHS = NO;
				CLANG_ANALYZER_NONNULL = YES;
				CLANG_ANALYZER_NUMBER_OBJECT_CONVERSION = YES_AGGRESSIVE;
				CLANG_CXX_LANGUAGE_STANDARD = "gnu++0x";
				CLANG_CXX_LIBRARY = "libc++";
				CLANG_ENABLE_MODULES = YES;
				CLANG_ENABLE_OBJC_ARC = YES;
				CLANG_WARN_BOOL_CONVERSION = YES;
				CLANG_WARN_CONSTANT_CONVERSION = YES;
				CLANG_WARN_DIRECT_OBJC_ISA_USAGE = YES_ERROR;
				CLANG_WARN_DOCUMENTATION_COMMENTS = YES;
				CLANG_WARN_EMPTY_BODY = YES;
				CLANG_WARN_ENUM_CONVERSION = YES;
				CLANG_WARN_INFINITE_RECURSION = YES;
				CLANG_WARN_INT_CONVERSION = YES;
				CLANG_WARN_OBJC_ROOT_CLASS = YES_ERROR;
				CLANG_WARN_SUSPICIOUS_MOVE = YES;
				CLANG_WARN_UNREACHABLE_CODE = YES;
				CLANG_WARN__DUPLICATE_METHOD_MATCH = YES;
				"CODE_SIGN_IDENTITY[sdk=iphoneos*]" = "iPhone Developer";
				COPY_PHASE_STRIP = NO;
				DEBUG_INFORMATION_FORMAT = "dwarf-with-dsym";
				ENABLE_NS_ASSERTIONS = NO;
				ENABLE_STRICT_OBJC_MSGSEND = YES;
				GCC_C_LANGUAGE_STANDARD = gnu99;
				GCC_NO_COMMON_BLOCKS = YES;
				GCC_WARN_64_TO_32_BIT_CONVERSION = YES;
				GCC_WARN_ABOUT_RETURN_TYPE = YES_ERROR;
				GCC_WARN_UNDECLARED_SELECTOR = YES;
				GCC_WARN_UNINITIALIZED_AUTOS = YES_AGGRESSIVE;
				GCC_WARN_UNUSED_FUNCTION = YES;
				GCC_WARN_UNUSED_VARIABLE = YES;
				IPHONEOS_DEPLOYMENT_TARGET = 10.3;
				MTL_ENABLE_DEBUG_INFO = NO;
				SDKROOT = iphoneos;
				SWIFT_OPTIMIZATION_LEVEL = "-Owholemodule";
				TARGETED_DEVICE_FAMILY = "1,2";
				VALIDATE_PRODUCT = YES;
			};
			name = Release;
		};
		01FF65CD1ECA2A7A004D1AEA /* Debug */ = {
			isa = XCBuildConfiguration;
			buildSettings = {
				ASSETCATALOG_COMPILER_APPICON_NAME = AppIcon;
				INFOPLIST_FILE = agingPeople/Info.plist;
				LD_RUNPATH_SEARCH_PATHS = "$(inherited) @executable_path/Frameworks";
				PRODUCT_BUNDLE_IDENTIFIER = com.example.agingPeople;
				PRODUCT_NAME = "$(TARGET_NAME)";
				SWIFT_VERSION = 3.0;
			};
			name = Debug;
		};
		01FF65CE1ECA2A7A004D1AEA /* Release */ = {
			isa = XCBuildConfiguration;
			buildSettings = {
				ASSETCATALOG_COMPILER_APPICON_NAME = AppIcon;
				INFOPLIST_FILE = agingPeople/Info.plist;
				LD_RUNPATH_SEARCH_PATHS = "$(inherited) @executable_path/Frameworks";
				PRODUCT_BUNDLE_IDENTIFIER = com.example.agingPeople;
				PRODUCT_NAME = "$(TARGET_NAME)";
				SWIFT_VERSION = 3.0;
			};
			name = Release;
		};
		01FF65D01ECA2A7A004D1AEA /* Debug */ = {
			isa = XCBuildConfiguration;
			buildSettings = {
				ALWAYS_EMBED_SWIFT_STANDARD_LIBRARIES = YES;
				BUNDLE_LOADER = "$(TEST_HOST)";
				INFOPLIST_FILE = agingPeopleTests/Info.plist;
				LD_RUNPATH_SEARCH_PATHS = "$(inherited) @executable_path/Frameworks @loader_path/Frameworks";
				PRODUCT_BUNDLE_IDENTIFIER = com.example.agingPeopleTests;
				PRODUCT_NAME = "$(TARGET_NAME)";
				SWIFT_VERSION = 3.0;
				TEST_HOST = "$(BUILT_PRODUCTS_DIR)/agingPeople.app/agingPeople";
			};
			name = Debug;
		};
		01FF65D11ECA2A7A004D1AEA /* Release */ = {
			isa = XCBuildConfiguration;
			buildSettings = {
				ALWAYS_EMBED_SWIFT_STANDARD_LIBRARIES = YES;
				BUNDLE_LOADER = "$(TEST_HOST)";
				INFOPLIST_FILE = agingPeopleTests/Info.plist;
				LD_RUNPATH_SEARCH_PATHS = "$(inherited) @executable_path/Frameworks @loader_path/Frameworks";
				PRODUCT_BUNDLE_IDENTIFIER = com.example.agingPeopleTests;
				PRODUCT_NAME = "$(TARGET_NAME)";
				SWIFT_VERSION = 3.0;
				TEST_HOST = "$(BUILT_PRODUCTS_DIR)/agingPeople.app/agingPeople";
			};
			name = Release;
		};
/* End XCBuildConfiguration section */

/* Begin XCConfigurationList section */
		01FF65AA1ECA2A7A004D1AEA /* Build configuration list for PBXProject "agingPeople" */ = {
			isa = XCConfigurationList;
			buildConfigurations = (
				01FF65CA1ECA2A7A004D1AEA /* Debug */,
				01FF65CB1ECA2A7A004D1AEA /* Release */,
			);
			defaultConfigurationIsVisible = 0;
			defaultConfigurationName = Release;
		};
		01FF65CC1ECA2A7A004D1AEA /* Build configuration list for PBXNativeTarget "agingPeople" */ = {
			isa = XCConfigurationList;
			buildConfigurations = (
				01FF65CD1ECA2A7A004D1AEA /* Debug */,
				01FF65CE1ECA2A7A004D1AEA /* Release */,
			);
			defaultConfigurationIsVisible = 0;
		};
		01FF65CF1ECA2A7A004D1AEA /* Build configuration list for PBXNativeTarget "agingPeopleTests" */ = {
			isa = XCConfigurationList;
			buildConfigurations = (
				01FF65D01ECA2A7A004D1AEA /* Debug */,
				01FF65D11ECA2A7A004D1AEA /* Release */,
			);
			defaultConfigurationIsVisible = 0;
		};
/* End XCConfigurationList section */
	};
	rootObject = 01FF65A71ECA2A7A004D1AEA /* Project object */;
}
