// !$*UTF8*$!
{
	archiveVersion = 1;
	classes = {
	};
	objectVersion = 46;
	objects = {

/* Begin PBXBuildFile section */
		01E400011ECA08240075CA14 /* ViewController.swift in Sources */ = {isa = PBXBuildFile; fileRef = 01E400001ECA08240075CA14 /* ViewController.swift */; };
		01E400041ECA08240075CA14 /* Main.storyboard in Resources */ = {isa = PBXBuildFile; fileRef = 01E400021ECA08240075CA14 /* Main.storyboard */; };
		01E400061ECA08240075CA14 /* Assets.xcassets in Resources */ = {isa = PBXBuildFile; fileRef = 01E400051ECA08240075CA14 /* Assets.xcassets */; };
		01E400091ECA08240075CA14 /* LaunchScreen.storyboard in Resources */ = {isa = PBXBuildFile; fileRef = 01E400071ECA08240075CA14 /* LaunchScreen.storyboard */; };
		01E400141ECA08240075CA14 /* BeastListTests.swift in Sources */ = {isa = PBXBuildFile; fileRef = 01E400131ECA08240075CA14 /* BeastListTests.swift */; };
		01E4FFFF1ECA08240075CA14 /* AppDelegate.swift in Sources */ = {isa = PBXBuildFile; fileRef = 01E4FFFE1ECA08240075CA14 /* AppDelegate.swift */; };
/* End PBXBuildFile section */

/* Begin PBXContainerItemProxy section */
		01E400101ECA08240075CA14 /* PBXContainerItemProxy */ = {
			isa = PBXContainerItemProxy;
			containerPortal = 01E4FFF31ECA08240075CA14 /* Project object */;
			proxyType = 1;
			remoteGlobalIDString = 01E4FFFA1ECA08240075CA14;
			remoteInfo = BeastList;
		};
/* End PBXContainerItemProxy section */

/* Begin PBXFileReference section */
		01E400001ECA08240075CA14 /* ViewController.swift */ = {isa = PBXFileReference; lastKnownFileType = sourcecode.swift; path = ViewController.swift; sourceTree = "<group>"; };
		01E400031ECA08240075CA14 /* Base */ = {isa = PBXFileReference; lastKnownFileType = file.storyboard; name = Base; path = Base.lproj/Main.storyboard; sourceTree = "<group>"; };
		01E400051ECA08240075CA14 /* Assets.xcassets */ = {isa = PBXFileReference; lastKnownFileType = folder.assetcatalog; path = Assets.xcassets; sourceTree = "<group>"; };
		01E400081ECA08240075CA14 /* Base */ = {isa = PBXFileReference; lastKnownFileType = file.storyboard; name = Base; path = Base.lproj/LaunchScreen.storyboard; sourceTree = "<group>"; };
		01E4000A1ECA08240075CA14 /* Info.plist */ = {isa = PBXFileReference; lastKnownFileType = text.plist.xml; path = Info.plist; sourceTree = "<group>"; };
		01E4000F1ECA08240075CA14 /* BeastListTests.xctest */ = {isa = PBXFileReference; explicitFileType = wrapper.cfbundle; includeInIndex = 0; path = BeastListTests.xctest; sourceTree = BUILT_PRODUCTS_DIR; };
		01E400131ECA08240075CA14 /* BeastListTests.swift */ = {isa = PBXFileReference; lastKnownFileType = sourcecode.swift; path = BeastListTests.swift; sourceTree = "<group>"; };
		01E400151ECA08240075CA14 /* Info.plist */ = {isa = PBXFileReference; lastKnownFileType = text.plist.xml; path = Info.plist; sourceTree = "<group>"; };
		01E4FFFB1ECA08240075CA14 /* BeastList.app */ = {isa = PBXFileReference; explicitFileType = wrapper.application; includeInIndex = 0; path = BeastList.app; sourceTree = BUILT_PRODUCTS_DIR; };
		01E4FFFE1ECA08240075CA14 /* AppDelegate.swift */ = {isa = PBXFileReference; lastKnownFileType = sourcecode.swift; path = AppDelegate.swift; sourceTree = "<group>"; };
/* End PBXFileReference section */

/* Begin PBXFrameworksBuildPhase section */
		01E4000C1ECA08240075CA14 /* Frameworks */ = {
			isa = PBXFrameworksBuildPhase;
			buildActionMask = 2147483647;
			files = (
			);
			runOnlyForDeploymentPostprocessing = 0;
		};
		01E4FFF81ECA08240075CA14 /* Frameworks */ = {
			isa = PBXFrameworksBuildPhase;
			buildActionMask = 2147483647;
			files = (
			);
			runOnlyForDeploymentPostprocessing = 0;
		};
/* End PBXFrameworksBuildPhase section */

/* Begin PBXGroup section */
		01E400121ECA08240075CA14 /* BeastListTests */ = {
			isa = PBXGroup;
			children = (
				01E400131ECA08240075CA14 /* BeastListTests.swift */,
				01E400151ECA08240075CA14 /* Info.plist */,
			);
			path = BeastListTests;
			sourceTree = "<group>";
		};
		01E4FFF21ECA08240075CA14 = {
			isa = PBXGroup;
			children = (
				01E4FFFD1ECA08240075CA14 /* BeastList */,
				01E400121ECA08240075CA14 /* BeastListTests */,
				01E4FFFC1ECA08240075CA14 /* Products */,
			);
			sourceTree = "<group>";
		};
		01E4FFFC1ECA08240075CA14 /* Products */ = {
			isa = PBXGroup;
			children = (
				01E4FFFB1ECA08240075CA14 /* BeastList.app */,
				01E4000F1ECA08240075CA14 /* BeastListTests.xctest */,
			);
			name = Products;
			sourceTree = "<group>";
		};
		01E4FFFD1ECA08240075CA14 /* BeastList */ = {
			isa = PBXGroup;
			children = (
				01E4FFFE1ECA08240075CA14 /* AppDelegate.swift */,
				01E400001ECA08240075CA14 /* ViewController.swift */,
				01E400021ECA08240075CA14 /* Main.storyboard */,
				01E400051ECA08240075CA14 /* Assets.xcassets */,
				01E400071ECA08240075CA14 /* LaunchScreen.storyboard */,
				01E4000A1ECA08240075CA14 /* Info.plist */,
			);
			path = BeastList;
			sourceTree = "<group>";
		};
/* End PBXGroup section */

/* Begin PBXNativeTarget section */
		01E4000E1ECA08240075CA14 /* BeastListTests */ = {
			isa = PBXNativeTarget;
			buildConfigurationList = 01E4001B1ECA08240075CA14 /* Build configuration list for PBXNativeTarget "BeastListTests" */;
			buildPhases = (
				01E4000B1ECA08240075CA14 /* Sources */,
				01E4000C1ECA08240075CA14 /* Frameworks */,
				01E4000D1ECA08240075CA14 /* Resources */,
			);
			buildRules = (
			);
			dependencies = (
				01E400111ECA08240075CA14 /* PBXTargetDependency */,
			);
			name = BeastListTests;
			productName = BeastListTests;
			productReference = 01E4000F1ECA08240075CA14 /* BeastListTests.xctest */;
			productType = "com.apple.product-type.bundle.unit-test";
		};
		01E4FFFA1ECA08240075CA14 /* BeastList */ = {
			isa = PBXNativeTarget;
			buildConfigurationList = 01E400181ECA08240075CA14 /* Build configuration list for PBXNativeTarget "BeastList" */;
			buildPhases = (
				01E4FFF71ECA08240075CA14 /* Sources */,
				01E4FFF81ECA08240075CA14 /* Frameworks */,
				01E4FFF91ECA08240075CA14 /* Resources */,
			);
			buildRules = (
			);
			dependencies = (
			);
			name = BeastList;
			productName = BeastList;
			productReference = 01E4FFFB1ECA08240075CA14 /* BeastList.app */;
			productType = "com.apple.product-type.application";
		};
/* End PBXNativeTarget section */

/* Begin PBXProject section */
		01E4FFF31ECA08240075CA14 /* Project object */ = {
			isa = PBXProject;
			attributes = {
				LastSwiftUpdateCheck = 0830;
				LastUpgradeCheck = 0830;
				ORGANIZATIONNAME = "Nicole Zurita";
				TargetAttributes = {
					01E4000E1ECA08240075CA14 = {
						CreatedOnToolsVersion = 8.3.2;
						ProvisioningStyle = Automatic;
						TestTargetID = 01E4FFFA1ECA08240075CA14;
					};
					01E4FFFA1ECA08240075CA14 = {
						CreatedOnToolsVersion = 8.3.2;
						ProvisioningStyle = Automatic;
					};
				};
			};
			buildConfigurationList = 01E4FFF61ECA08240075CA14 /* Build configuration list for PBXProject "BeastList" */;
			compatibilityVersion = "Xcode 3.2";
			developmentRegion = English;
			hasScannedForEncodings = 0;
			knownRegions = (
				en,
				Base,
			);
			mainGroup = 01E4FFF21ECA08240075CA14;
			productRefGroup = 01E4FFFC1ECA08240075CA14 /* Products */;
			projectDirPath = "";
			projectRoot = "";
			targets = (
				01E4FFFA1ECA08240075CA14 /* BeastList */,
				01E4000E1ECA08240075CA14 /* BeastListTests */,
			);
		};
/* End PBXProject section */

/* Begin PBXResourcesBuildPhase section */
		01E4000D1ECA08240075CA14 /* Resources */ = {
			isa = PBXResourcesBuildPhase;
			buildActionMask = 2147483647;
			files = (
			);
			runOnlyForDeploymentPostprocessing = 0;
		};
		01E4FFF91ECA08240075CA14 /* Resources */ = {
			isa = PBXResourcesBuildPhase;
			buildActionMask = 2147483647;
			files = (
				01E400091ECA08240075CA14 /* LaunchScreen.storyboard in Resources */,
				01E400061ECA08240075CA14 /* Assets.xcassets in Resources */,
				01E400041ECA08240075CA14 /* Main.storyboard in Resources */,
			);
			runOnlyForDeploymentPostprocessing = 0;
		};
/* End PBXResourcesBuildPhase section */

/* Begin PBXSourcesBuildPhase section */
		01E4000B1ECA08240075CA14 /* Sources */ = {
			isa = PBXSourcesBuildPhase;
			buildActionMask = 2147483647;
			files = (
				01E400141ECA08240075CA14 /* BeastListTests.swift in Sources */,
			);
			runOnlyForDeploymentPostprocessing = 0;
		};
		01E4FFF71ECA08240075CA14 /* Sources */ = {
			isa = PBXSourcesBuildPhase;
			buildActionMask = 2147483647;
			files = (
				01E400011ECA08240075CA14 /* ViewController.swift in Sources */,
				01E4FFFF1ECA08240075CA14 /* AppDelegate.swift in Sources */,
			);
			runOnlyForDeploymentPostprocessing = 0;
		};
/* End PBXSourcesBuildPhase section */

/* Begin PBXTargetDependency section */
		01E400111ECA08240075CA14 /* PBXTargetDependency */ = {
			isa = PBXTargetDependency;
			target = 01E4FFFA1ECA08240075CA14 /* BeastList */;
			targetProxy = 01E400101ECA08240075CA14 /* PBXContainerItemProxy */;
		};
/* End PBXTargetDependency section */

/* Begin PBXVariantGroup section */
		01E400021ECA08240075CA14 /* Main.storyboard */ = {
			isa = PBXVariantGroup;
			children = (
				01E400031ECA08240075CA14 /* Base */,
			);
			name = Main.storyboard;
			sourceTree = "<group>";
		};
		01E400071ECA08240075CA14 /* LaunchScreen.storyboard */ = {
			isa = PBXVariantGroup;
			children = (
				01E400081ECA08240075CA14 /* Base */,
			);
			name = LaunchScreen.storyboard;
			sourceTree = "<group>";
		};
/* End PBXVariantGroup section */

/* Begin XCBuildConfiguration section */
		01E400161ECA08240075CA14 /* Debug */ = {
			isa = XCBuildConfiguration;
			buildSettings = {
				ALWAYS_SEARCH_USER_PATHS = NO;
				CLANG_ANALYZER_NONNULL = YES;
				CLANG_ANALYZER_NUMBER_OBJECT_CONVERSION = YES_AGGRESSIVE;
				CLANG_CXX_LANGUAGE_STANDARD = "gnu++0x";
				CLANG_CXX_LIBRARY = "libc++";
				CLANG_ENABLE_MODULES = YES;
				CLANG_ENABLE_OBJC_ARC = YES;
				CLANG_WARN_BOOL_CONVERSION = YES;
				CLANG_WARN_CONSTANT_CONVERSION = YES;
				CLANG_WARN_DIRECT_OBJC_ISA_USAGE = YES_ERROR;
				CLANG_WARN_DOCUMENTATION_COMMENTS = YES;
				CLANG_WARN_EMPTY_BODY = YES;
				CLANG_WARN_ENUM_CONVERSION = YES;
				CLANG_WARN_INFINITE_RECURSION = YES;
				CLANG_WARN_INT_CONVERSION = YES;
				CLANG_WARN_OBJC_ROOT_CLASS = YES_ERROR;
				CLANG_WARN_SUSPICIOUS_MOVE = YES;
				CLANG_WARN_UNREACHABLE_CODE = YES;
				CLANG_WARN__DUPLICATE_METHOD_MATCH = YES;
				"CODE_SIGN_IDENTITY[sdk=iphoneos*]" = "iPhone Developer";
				COPY_PHASE_STRIP = NO;
				DEBUG_INFORMATION_FORMAT = dwarf;
				ENABLE_STRICT_OBJC_MSGSEND = YES;
				ENABLE_TESTABILITY = YES;
				GCC_C_LANGUAGE_STANDARD = gnu99;
				GCC_DYNAMIC_NO_PIC = NO;
				GCC_NO_COMMON_BLOCKS = YES;
				GCC_OPTIMIZATION_LEVEL = 0;
				GCC_PREPROCESSOR_DEFINITIONS = (
					"DEBUG=1",
					"$(inherited)",
				);
				GCC_WARN_64_TO_32_BIT_CONVERSION = YES;
				GCC_WARN_ABOUT_RETURN_TYPE = YES_ERROR;
				GCC_WARN_UNDECLARED_SELECTOR = YES;
				GCC_WARN_UNINITIALIZED_AUTOS = YES_AGGRESSIVE;
				GCC_WARN_UNUSED_FUNCTION = YES;
				GCC_WARN_UNUSED_VARIABLE = YES;
				IPHONEOS_DEPLOYMENT_TARGET = 10.3;
				MTL_ENABLE_DEBUG_INFO = YES;
				ONLY_ACTIVE_ARCH = YES;
				SDKROOT = iphoneos;
				SWIFT_ACTIVE_COMPILATION_CONDITIONS = DEBUG;
				SWIFT_OPTIMIZATION_LEVEL = "-Onone";
				TARGETED_DEVICE_FAMILY = "1,2";
			};
			name = Debug;
		};
		01E400171ECA08240075CA14 /* Release */ = {
			isa = XCBuildConfiguration;
			buildSettings = {
				ALWAYS_SEARCH_USER_PATHS = NO;
				CLANG_ANALYZER_NONNULL = YES;
				CLANG_ANALYZER_NUMBER_OBJECT_CONVERSION = YES_AGGRESSIVE;
				CLANG_CXX_LANGUAGE_STANDARD = "gnu++0x";
				CLANG_CXX_LIBRARY = "libc++";
				CLANG_ENABLE_MODULES = YES;
				CLANG_ENABLE_OBJC_ARC = YES;
				CLANG_WARN_BOOL_CONVERSION = YES;
				CLANG_WARN_CONSTANT_CONVERSION = YES;
				CLANG_WARN_DIRECT_OBJC_ISA_USAGE = YES_ERROR;
				CLANG_WARN_DOCUMENTATION_COMMENTS = YES;
				CLANG_WARN_EMPTY_BODY = YES;
				CLANG_WARN_ENUM_CONVERSION = YES;
				CLANG_WARN_INFINITE_RECURSION = YES;
				CLANG_WARN_INT_CONVERSION = YES;
				CLANG_WARN_OBJC_ROOT_CLASS = YES_ERROR;
				CLANG_WARN_SUSPICIOUS_MOVE = YES;
				CLANG_WARN_UNREACHABLE_CODE = YES;
				CLANG_WARN__DUPLICATE_METHOD_MATCH = YES;
				"CODE_SIGN_IDENTITY[sdk=iphoneos*]" = "iPhone Developer";
				COPY_PHASE_STRIP = NO;
				DEBUG_INFORMATION_FORMAT = "dwarf-with-dsym";
				ENABLE_NS_ASSERTIONS = NO;
				ENABLE_STRICT_OBJC_MSGSEND = YES;
				GCC_C_LANGUAGE_STANDARD = gnu99;
				GCC_NO_COMMON_BLOCKS = YES;
				GCC_WARN_64_TO_32_BIT_CONVERSION = YES;
				GCC_WARN_ABOUT_RETURN_TYPE = YES_ERROR;
				GCC_WARN_UNDECLARED_SELECTOR = YES;
				GCC_WARN_UNINITIALIZED_AUTOS = YES_AGGRESSIVE;
				GCC_WARN_UNUSED_FUNCTION = YES;
				GCC_WARN_UNUSED_VARIABLE = YES;
				IPHONEOS_DEPLOYMENT_TARGET = 10.3;
				MTL_ENABLE_DEBUG_INFO = NO;
				SDKROOT = iphoneos;
				SWIFT_OPTIMIZATION_LEVEL = "-Owholemodule";
				TARGETED_DEVICE_FAMILY = "1,2";
				VALIDATE_PRODUCT = YES;
			};
			name = Release;
		};
		01E400191ECA08240075CA14 /* Debug */ = {
			isa = XCBuildConfiguration;
			buildSettings = {
				ASSETCATALOG_COMPILER_APPICON_NAME = AppIcon;
				INFOPLIST_FILE = BeastList/Info.plist;
				LD_RUNPATH_SEARCH_PATHS = "$(inherited) @executable_path/Frameworks";
				PRODUCT_BUNDLE_IDENTIFIER = com.example.BeastList;
				PRODUCT_NAME = "$(TARGET_NAME)";
				SWIFT_VERSION = 3.0;
			};
			name = Debug;
		};
		01E4001A1ECA08240075CA14 /* Release */ = {
			isa = XCBuildConfiguration;
			buildSettings = {
				ASSETCATALOG_COMPILER_APPICON_NAME = AppIcon;
				INFOPLIST_FILE = BeastList/Info.plist;
				LD_RUNPATH_SEARCH_PATHS = "$(inherited) @executable_path/Frameworks";
				PRODUCT_BUNDLE_IDENTIFIER = com.example.BeastList;
				PRODUCT_NAME = "$(TARGET_NAME)";
				SWIFT_VERSION = 3.0;
			};
			name = Release;
		};
		01E4001C1ECA08240075CA14 /* Debug */ = {
			isa = XCBuildConfiguration;
			buildSettings = {
				ALWAYS_EMBED_SWIFT_STANDARD_LIBRARIES = YES;
				BUNDLE_LOADER = "$(TEST_HOST)";
				INFOPLIST_FILE = BeastListTests/Info.plist;
				LD_RUNPATH_SEARCH_PATHS = "$(inherited) @executable_path/Frameworks @loader_path/Frameworks";
				PRODUCT_BUNDLE_IDENTIFIER = com.example.BeastListTests;
				PRODUCT_NAME = "$(TARGET_NAME)";
				SWIFT_VERSION = 3.0;
				TEST_HOST = "$(BUILT_PRODUCTS_DIR)/BeastList.app/BeastList";
			};
			name = Debug;
		};
		01E4001D1ECA08240075CA14 /* Release */ = {
			isa = XCBuildConfiguration;
			buildSettings = {
				ALWAYS_EMBED_SWIFT_STANDARD_LIBRARIES = YES;
				BUNDLE_LOADER = "$(TEST_HOST)";
				INFOPLIST_FILE = BeastListTests/Info.plist;
				LD_RUNPATH_SEARCH_PATHS = "$(inherited) @executable_path/Frameworks @loader_path/Frameworks";
				PRODUCT_BUNDLE_IDENTIFIER = com.example.BeastListTests;
				PRODUCT_NAME = "$(TARGET_NAME)";
				SWIFT_VERSION = 3.0;
				TEST_HOST = "$(BUILT_PRODUCTS_DIR)/BeastList.app/BeastList";
			};
			name = Release;
		};
/* End XCBuildConfiguration section */

/* Begin XCConfigurationList section */
		01E400181ECA08240075CA14 /* Build configuration list for PBXNativeTarget "BeastList" */ = {
			isa = XCConfigurationList;
			buildConfigurations = (
				01E400191ECA08240075CA14 /* Debug */,
				01E4001A1ECA08240075CA14 /* Release */,
			);
			defaultConfigurationIsVisible = 0;
		};
		01E4001B1ECA08240075CA14 /* Build configuration list for PBXNativeTarget "BeastListTests" */ = {
			isa = XCConfigurationList;
			buildConfigurations = (
				01E4001C1ECA08240075CA14 /* Debug */,
				01E4001D1ECA08240075CA14 /* Release */,
			);
			defaultConfigurationIsVisible = 0;
		};
		01E4FFF61ECA08240075CA14 /* Build configuration list for PBXProject "BeastList" */ = {
			isa = XCConfigurationList;
			buildConfigurations = (
				01E400161ECA08240075CA14 /* Debug */,
				01E400171ECA08240075CA14 /* Release */,
			);
			defaultConfigurationIsVisible = 0;
			defaultConfigurationName = Release;
		};
/* End XCConfigurationList section */
	};
	rootObject = 01E4FFF31ECA08240075CA14 /* Project object */;
}
