// !$*UTF8*$!
{
	archiveVersion = 1;
	classes = {
	};
	objectVersion = 46;
	objects = {

/* Begin PBXBuildFile section */
		01C8A0981EC27E1100A67B8F /* AppDelegate.swift in Sources */ = {isa = PBXBuildFile; fileRef = 01C8A0971EC27E1100A67B8F /* AppDelegate.swift */; };
		01C8A09A1EC27E1100A67B8F /* ViewController.swift in Sources */ = {isa = PBXBuildFile; fileRef = 01C8A0991EC27E1100A67B8F /* ViewController.swift */; };
		01C8A09D1EC27E1100A67B8F /* Main.storyboard in Resources */ = {isa = PBXBuildFile; fileRef = 01C8A09B1EC27E1100A67B8F /* Main.storyboard */; };
		01C8A09F1EC27E1100A67B8F /* Assets.xcassets in Resources */ = {isa = PBXBuildFile; fileRef = 01C8A09E1EC27E1100A67B8F /* Assets.xcassets */; };
		01C8A0A21EC27E1100A67B8F /* LaunchScreen.storyboard in Resources */ = {isa = PBXBuildFile; fileRef = 01C8A0A01EC27E1100A67B8F /* LaunchScreen.storyboard */; };
		01C8A0AD1EC27E1100A67B8F /* ColdCallTests.swift in Sources */ = {isa = PBXBuildFile; fileRef = 01C8A0AC1EC27E1100A67B8F /* ColdCallTests.swift */; };
/* End PBXBuildFile section */

/* Begin PBXContainerItemProxy section */
		01C8A0A91EC27E1100A67B8F /* PBXContainerItemProxy */ = {
			isa = PBXContainerItemProxy;
			containerPortal = 01C8A08C1EC27E1100A67B8F /* Project object */;
			proxyType = 1;
			remoteGlobalIDString = 01C8A0931EC27E1100A67B8F;
			remoteInfo = ColdCall;
		};
/* End PBXContainerItemProxy section */

/* Begin PBXFileReference section */
		01C8A0941EC27E1100A67B8F /* ColdCall.app */ = {isa = PBXFileReference; explicitFileType = wrapper.application; includeInIndex = 0; path = ColdCall.app; sourceTree = BUILT_PRODUCTS_DIR; };
		01C8A0971EC27E1100A67B8F /* AppDelegate.swift */ = {isa = PBXFileReference; lastKnownFileType = sourcecode.swift; path = AppDelegate.swift; sourceTree = "<group>"; };
		01C8A0991EC27E1100A67B8F /* ViewController.swift */ = {isa = PBXFileReference; lastKnownFileType = sourcecode.swift; path = ViewController.swift; sourceTree = "<group>"; };
		01C8A09C1EC27E1100A67B8F /* Base */ = {isa = PBXFileReference; lastKnownFileType = file.storyboard; name = Base; path = Base.lproj/Main.storyboard; sourceTree = "<group>"; };
		01C8A09E1EC27E1100A67B8F /* Assets.xcassets */ = {isa = PBXFileReference; lastKnownFileType = folder.assetcatalog; path = Assets.xcassets; sourceTree = "<group>"; };
		01C8A0A11EC27E1100A67B8F /* Base */ = {isa = PBXFileReference; lastKnownFileType = file.storyboard; name = Base; path = Base.lproj/LaunchScreen.storyboard; sourceTree = "<group>"; };
		01C8A0A31EC27E1100A67B8F /* Info.plist */ = {isa = PBXFileReference; lastKnownFileType = text.plist.xml; path = Info.plist; sourceTree = "<group>"; };
		01C8A0A81EC27E1100A67B8F /* ColdCallTests.xctest */ = {isa = PBXFileReference; explicitFileType = wrapper.cfbundle; includeInIndex = 0; path = ColdCallTests.xctest; sourceTree = BUILT_PRODUCTS_DIR; };
		01C8A0AC1EC27E1100A67B8F /* ColdCallTests.swift */ = {isa = PBXFileReference; lastKnownFileType = sourcecode.swift; path = ColdCallTests.swift; sourceTree = "<group>"; };
		01C8A0AE1EC27E1100A67B8F /* Info.plist */ = {isa = PBXFileReference; lastKnownFileType = text.plist.xml; path = Info.plist; sourceTree = "<group>"; };
/* End PBXFileReference section */

/* Begin PBXFrameworksBuildPhase section */
		01C8A0911EC27E1100A67B8F /* Frameworks */ = {
			isa = PBXFrameworksBuildPhase;
			buildActionMask = 2147483647;
			files = (
			);
			runOnlyForDeploymentPostprocessing = 0;
		};
		01C8A0A51EC27E1100A67B8F /* Frameworks */ = {
			isa = PBXFrameworksBuildPhase;
			buildActionMask = 2147483647;
			files = (
			);
			runOnlyForDeploymentPostprocessing = 0;
		};
/* End PBXFrameworksBuildPhase section */

/* Begin PBXGroup section */
		01C8A08B1EC27E1100A67B8F = {
			isa = PBXGroup;
			children = (
				01C8A0961EC27E1100A67B8F /* ColdCall */,
				01C8A0AB1EC27E1100A67B8F /* ColdCallTests */,
				01C8A0951EC27E1100A67B8F /* Products */,
			);
			sourceTree = "<group>";
		};
		01C8A0951EC27E1100A67B8F /* Products */ = {
			isa = PBXGroup;
			children = (
				01C8A0941EC27E1100A67B8F /* ColdCall.app */,
				01C8A0A81EC27E1100A67B8F /* ColdCallTests.xctest */,
			);
			name = Products;
			sourceTree = "<group>";
		};
		01C8A0961EC27E1100A67B8F /* ColdCall */ = {
			isa = PBXGroup;
			children = (
				01C8A0971EC27E1100A67B8F /* AppDelegate.swift */,
				01C8A0991EC27E1100A67B8F /* ViewController.swift */,
				01C8A09B1EC27E1100A67B8F /* Main.storyboard */,
				01C8A09E1EC27E1100A67B8F /* Assets.xcassets */,
				01C8A0A01EC27E1100A67B8F /* LaunchScreen.storyboard */,
				01C8A0A31EC27E1100A67B8F /* Info.plist */,
			);
			path = ColdCall;
			sourceTree = "<group>";
		};
		01C8A0AB1EC27E1100A67B8F /* ColdCallTests */ = {
			isa = PBXGroup;
			children = (
				01C8A0AC1EC27E1100A67B8F /* ColdCallTests.swift */,
				01C8A0AE1EC27E1100A67B8F /* Info.plist */,
			);
			path = ColdCallTests;
			sourceTree = "<group>";
		};
/* End PBXGroup section */

/* Begin PBXNativeTarget section */
		01C8A0931EC27E1100A67B8F /* ColdCall */ = {
			isa = PBXNativeTarget;
			buildConfigurationList = 01C8A0B11EC27E1100A67B8F /* Build configuration list for PBXNativeTarget "ColdCall" */;
			buildPhases = (
				01C8A0901EC27E1100A67B8F /* Sources */,
				01C8A0911EC27E1100A67B8F /* Frameworks */,
				01C8A0921EC27E1100A67B8F /* Resources */,
			);
			buildRules = (
			);
			dependencies = (
			);
			name = ColdCall;
			productName = ColdCall;
			productReference = 01C8A0941EC27E1100A67B8F /* ColdCall.app */;
			productType = "com.apple.product-type.application";
		};
		01C8A0A71EC27E1100A67B8F /* ColdCallTests */ = {
			isa = PBXNativeTarget;
			buildConfigurationList = 01C8A0B41EC27E1100A67B8F /* Build configuration list for PBXNativeTarget "ColdCallTests" */;
			buildPhases = (
				01C8A0A41EC27E1100A67B8F /* Sources */,
				01C8A0A51EC27E1100A67B8F /* Frameworks */,
				01C8A0A61EC27E1100A67B8F /* Resources */,
			);
			buildRules = (
			);
			dependencies = (
				01C8A0AA1EC27E1100A67B8F /* PBXTargetDependency */,
			);
			name = ColdCallTests;
			productName = ColdCallTests;
			productReference = 01C8A0A81EC27E1100A67B8F /* ColdCallTests.xctest */;
			productType = "com.apple.product-type.bundle.unit-test";
		};
/* End PBXNativeTarget section */

/* Begin PBXProject section */
		01C8A08C1EC27E1100A67B8F /* Project object */ = {
			isa = PBXProject;
			attributes = {
				LastSwiftUpdateCheck = 0830;
				LastUpgradeCheck = 0830;
				ORGANIZATIONNAME = "Nicole Zurita";
				TargetAttributes = {
					01C8A0931EC27E1100A67B8F = {
						CreatedOnToolsVersion = 8.3.2;
						DevelopmentTeam = B8EK5E5WCX;
						ProvisioningStyle = Automatic;
					};
					01C8A0A71EC27E1100A67B8F = {
						CreatedOnToolsVersion = 8.3.2;
						ProvisioningStyle = Automatic;
						TestTargetID = 01C8A0931EC27E1100A67B8F;
					};
				};
			};
			buildConfigurationList = 01C8A08F1EC27E1100A67B8F /* Build configuration list for PBXProject "ColdCall" */;
			compatibilityVersion = "Xcode 3.2";
			developmentRegion = English;
			hasScannedForEncodings = 0;
			knownRegions = (
				en,
				Base,
			);
			mainGroup = 01C8A08B1EC27E1100A67B8F;
			productRefGroup = 01C8A0951EC27E1100A67B8F /* Products */;
			projectDirPath = "";
			projectRoot = "";
			targets = (
				01C8A0931EC27E1100A67B8F /* ColdCall */,
				01C8A0A71EC27E1100A67B8F /* ColdCallTests */,
			);
		};
/* End PBXProject section */

/* Begin PBXResourcesBuildPhase section */
		01C8A0921EC27E1100A67B8F /* Resources */ = {
			isa = PBXResourcesBuildPhase;
			buildActionMask = 2147483647;
			files = (
				01C8A0A21EC27E1100A67B8F /* LaunchScreen.storyboard in Resources */,
				01C8A09F1EC27E1100A67B8F /* Assets.xcassets in Resources */,
				01C8A09D1EC27E1100A67B8F /* Main.storyboard in Resources */,
			);
			runOnlyForDeploymentPostprocessing = 0;
		};
		01C8A0A61EC27E1100A67B8F /* Resources */ = {
			isa = PBXResourcesBuildPhase;
			buildActionMask = 2147483647;
			files = (
			);
			runOnlyForDeploymentPostprocessing = 0;
		};
/* End PBXResourcesBuildPhase section */

/* Begin PBXSourcesBuildPhase section */
		01C8A0901EC27E1100A67B8F /* Sources */ = {
			isa = PBXSourcesBuildPhase;
			buildActionMask = 2147483647;
			files = (
				01C8A09A1EC27E1100A67B8F /* ViewController.swift in Sources */,
				01C8A0981EC27E1100A67B8F /* AppDelegate.swift in Sources */,
			);
			runOnlyForDeploymentPostprocessing = 0;
		};
		01C8A0A41EC27E1100A67B8F /* Sources */ = {
			isa = PBXSourcesBuildPhase;
			buildActionMask = 2147483647;
			files = (
				01C8A0AD1EC27E1100A67B8F /* ColdCallTests.swift in Sources */,
			);
			runOnlyForDeploymentPostprocessing = 0;
		};
/* End PBXSourcesBuildPhase section */

/* Begin PBXTargetDependency section */
		01C8A0AA1EC27E1100A67B8F /* PBXTargetDependency */ = {
			isa = PBXTargetDependency;
			target = 01C8A0931EC27E1100A67B8F /* ColdCall */;
			targetProxy = 01C8A0A91EC27E1100A67B8F /* PBXContainerItemProxy */;
		};
/* End PBXTargetDependency section */

/* Begin PBXVariantGroup section */
		01C8A09B1EC27E1100A67B8F /* Main.storyboard */ = {
			isa = PBXVariantGroup;
			children = (
				01C8A09C1EC27E1100A67B8F /* Base */,
			);
			name = Main.storyboard;
			sourceTree = "<group>";
		};
		01C8A0A01EC27E1100A67B8F /* LaunchScreen.storyboard */ = {
			isa = PBXVariantGroup;
			children = (
				01C8A0A11EC27E1100A67B8F /* Base */,
			);
			name = LaunchScreen.storyboard;
			sourceTree = "<group>";
		};
/* End PBXVariantGroup section */

/* Begin XCBuildConfiguration section */
		01C8A0AF1EC27E1100A67B8F /* Debug */ = {
			isa = XCBuildConfiguration;
			buildSettings = {
				ALWAYS_SEARCH_USER_PATHS = NO;
				CLANG_ANALYZER_NONNULL = YES;
				CLANG_ANALYZER_NUMBER_OBJECT_CONVERSION = YES_AGGRESSIVE;
				CLANG_CXX_LANGUAGE_STANDARD = "gnu++0x";
				CLANG_CXX_LIBRARY = "libc++";
				CLANG_ENABLE_MODULES = YES;
				CLANG_ENABLE_OBJC_ARC = YES;
				CLANG_WARN_BOOL_CONVERSION = YES;
				CLANG_WARN_CONSTANT_CONVERSION = YES;
				CLANG_WARN_DIRECT_OBJC_ISA_USAGE = YES_ERROR;
				CLANG_WARN_DOCUMENTATION_COMMENTS = YES;
				CLANG_WARN_EMPTY_BODY = YES;
				CLANG_WARN_ENUM_CONVERSION = YES;
				CLANG_WARN_INFINITE_RECURSION = YES;
				CLANG_WARN_INT_CONVERSION = YES;
				CLANG_WARN_OBJC_ROOT_CLASS = YES_ERROR;
				CLANG_WARN_SUSPICIOUS_MOVE = YES;
				CLANG_WARN_UNREACHABLE_CODE = YES;
				CLANG_WARN__DUPLICATE_METHOD_MATCH = YES;
				"CODE_SIGN_IDENTITY[sdk=iphoneos*]" = "iPhone Developer";
				COPY_PHASE_STRIP = NO;
				DEBUG_INFORMATION_FORMAT = dwarf;
				ENABLE_STRICT_OBJC_MSGSEND = YES;
				ENABLE_TESTABILITY = YES;
				GCC_C_LANGUAGE_STANDARD = gnu99;
				GCC_DYNAMIC_NO_PIC = NO;
				GCC_NO_COMMON_BLOCKS = YES;
				GCC_OPTIMIZATION_LEVEL = 0;
				GCC_PREPROCESSOR_DEFINITIONS = (
					"DEBUG=1",
					"$(inherited)",
				);
				GCC_WARN_64_TO_32_BIT_CONVERSION = YES;
				GCC_WARN_ABOUT_RETURN_TYPE = YES_ERROR;
				GCC_WARN_UNDECLARED_SELECTOR = YES;
				GCC_WARN_UNINITIALIZED_AUTOS = YES_AGGRESSIVE;
				GCC_WARN_UNUSED_FUNCTION = YES;
				GCC_WARN_UNUSED_VARIABLE = YES;
				IPHONEOS_DEPLOYMENT_TARGET = 10.3;
				MTL_ENABLE_DEBUG_INFO = YES;
				ONLY_ACTIVE_ARCH = YES;
				SDKROOT = iphoneos;
				SWIFT_ACTIVE_COMPILATION_CONDITIONS = DEBUG;
				SWIFT_OPTIMIZATION_LEVEL = "-Onone";
				TARGETED_DEVICE_FAMILY = "1,2";
			};
			name = Debug;
		};
		01C8A0B01EC27E1100A67B8F /* Release */ = {
			isa = XCBuildConfiguration;
			buildSettings = {
				ALWAYS_SEARCH_USER_PATHS = NO;
				CLANG_ANALYZER_NONNULL = YES;
				CLANG_ANALYZER_NUMBER_OBJECT_CONVERSION = YES_AGGRESSIVE;
				CLANG_CXX_LANGUAGE_STANDARD = "gnu++0x";
				CLANG_CXX_LIBRARY = "libc++";
				CLANG_ENABLE_MODULES = YES;
				CLANG_ENABLE_OBJC_ARC = YES;
				CLANG_WARN_BOOL_CONVERSION = YES;
				CLANG_WARN_CONSTANT_CONVERSION = YES;
				CLANG_WARN_DIRECT_OBJC_ISA_USAGE = YES_ERROR;
				CLANG_WARN_DOCUMENTATION_COMMENTS = YES;
				CLANG_WARN_EMPTY_BODY = YES;
				CLANG_WARN_ENUM_CONVERSION = YES;
				CLANG_WARN_INFINITE_RECURSION = YES;
				CLANG_WARN_INT_CONVERSION = YES;
				CLANG_WARN_OBJC_ROOT_CLASS = YES_ERROR;
				CLANG_WARN_SUSPICIOUS_MOVE = YES;
				CLANG_WARN_UNREACHABLE_CODE = YES;
				CLANG_WARN__DUPLICATE_METHOD_MATCH = YES;
				"CODE_SIGN_IDENTITY[sdk=iphoneos*]" = "iPhone Developer";
				COPY_PHASE_STRIP = NO;
				DEBUG_INFORMATION_FORMAT = "dwarf-with-dsym";
				ENABLE_NS_ASSERTIONS = NO;
				ENABLE_STRICT_OBJC_MSGSEND = YES;
				GCC_C_LANGUAGE_STANDARD = gnu99;
				GCC_NO_COMMON_BLOCKS = YES;
				GCC_WARN_64_TO_32_BIT_CONVERSION = YES;
				GCC_WARN_ABOUT_RETURN_TYPE = YES_ERROR;
				GCC_WARN_UNDECLARED_SELECTOR = YES;
				GCC_WARN_UNINITIALIZED_AUTOS = YES_AGGRESSIVE;
				GCC_WARN_UNUSED_FUNCTION = YES;
				GCC_WARN_UNUSED_VARIABLE = YES;
				IPHONEOS_DEPLOYMENT_TARGET = 10.3;
				MTL_ENABLE_DEBUG_INFO = NO;
				SDKROOT = iphoneos;
				SWIFT_OPTIMIZATION_LEVEL = "-Owholemodule";
				TARGETED_DEVICE_FAMILY = "1,2";
				VALIDATE_PRODUCT = YES;
			};
			name = Release;
		};
		01C8A0B21EC27E1100A67B8F /* Debug */ = {
			isa = XCBuildConfiguration;
			buildSettings = {
				ASSETCATALOG_COMPILER_APPICON_NAME = AppIcon;
				DEVELOPMENT_TEAM = B8EK5E5WCX;
				INFOPLIST_FILE = ColdCall/Info.plist;
				LD_RUNPATH_SEARCH_PATHS = "$(inherited) @executable_path/Frameworks";
				PRODUCT_BUNDLE_IDENTIFIER = com.example.ColdCall;
				PRODUCT_NAME = "$(TARGET_NAME)";
				SWIFT_VERSION = 3.0;
			};
			name = Debug;
		};
		01C8A0B31EC27E1100A67B8F /* Release */ = {
			isa = XCBuildConfiguration;
			buildSettings = {
				ASSETCATALOG_COMPILER_APPICON_NAME = AppIcon;
				DEVELOPMENT_TEAM = B8EK5E5WCX;
				INFOPLIST_FILE = ColdCall/Info.plist;
				LD_RUNPATH_SEARCH_PATHS = "$(inherited) @executable_path/Frameworks";
				PRODUCT_BUNDLE_IDENTIFIER = com.example.ColdCall;
				PRODUCT_NAME = "$(TARGET_NAME)";
				SWIFT_VERSION = 3.0;
			};
			name = Release;
		};
		01C8A0B51EC27E1100A67B8F /* Debug */ = {
			isa = XCBuildConfiguration;
			buildSettings = {
				ALWAYS_EMBED_SWIFT_STANDARD_LIBRARIES = YES;
				BUNDLE_LOADER = "$(TEST_HOST)";
				INFOPLIST_FILE = ColdCallTests/Info.plist;
				LD_RUNPATH_SEARCH_PATHS = "$(inherited) @executable_path/Frameworks @loader_path/Frameworks";
				PRODUCT_BUNDLE_IDENTIFIER = com.example.ColdCallTests;
				PRODUCT_NAME = "$(TARGET_NAME)";
				SWIFT_VERSION = 3.0;
				TEST_HOST = "$(BUILT_PRODUCTS_DIR)/ColdCall.app/ColdCall";
			};
			name = Debug;
		};
		01C8A0B61EC27E1100A67B8F /* Release */ = {
			isa = XCBuildConfiguration;
			buildSettings = {
				ALWAYS_EMBED_SWIFT_STANDARD_LIBRARIES = YES;
				BUNDLE_LOADER = "$(TEST_HOST)";
				INFOPLIST_FILE = ColdCallTests/Info.plist;
				LD_RUNPATH_SEARCH_PATHS = "$(inherited) @executable_path/Frameworks @loader_path/Frameworks";
				PRODUCT_BUNDLE_IDENTIFIER = com.example.ColdCallTests;
				PRODUCT_NAME = "$(TARGET_NAME)";
				SWIFT_VERSION = 3.0;
				TEST_HOST = "$(BUILT_PRODUCTS_DIR)/ColdCall.app/ColdCall";
			};
			name = Release;
		};
/* End XCBuildConfiguration section */

/* Begin XCConfigurationList section */
		01C8A08F1EC27E1100A67B8F /* Build configuration list for PBXProject "ColdCall" */ = {
			isa = XCConfigurationList;
			buildConfigurations = (
				01C8A0AF1EC27E1100A67B8F /* Debug */,
				01C8A0B01EC27E1100A67B8F /* Release */,
			);
			defaultConfigurationIsVisible = 0;
			defaultConfigurationName = Release;
		};
		01C8A0B11EC27E1100A67B8F /* Build configuration list for PBXNativeTarget "ColdCall" */ = {
			isa = XCConfigurationList;
			buildConfigurations = (
				01C8A0B21EC27E1100A67B8F /* Debug */,
				01C8A0B31EC27E1100A67B8F /* Release */,
			);
			defaultConfigurationIsVisible = 0;
			defaultConfigurationName = Release;
		};
		01C8A0B41EC27E1100A67B8F /* Build configuration list for PBXNativeTarget "ColdCallTests" */ = {
			isa = XCConfigurationList;
			buildConfigurations = (
				01C8A0B51EC27E1100A67B8F /* Debug */,
				01C8A0B61EC27E1100A67B8F /* Release */,
			);
			defaultConfigurationIsVisible = 0;
			defaultConfigurationName = Release;
		};
/* End XCConfigurationList section */
	};
	rootObject = 01C8A08C1EC27E1100A67B8F /* Project object */;
}
